// !$*UTF8*$!
{
	archiveVersion = 1;
	classes = {
	};
	objectVersion = 50;
	objects = {

/* Begin PBXBuildFile section */
		3509576A25EE224F00D2E37C /* SliderTableViewCell.m in Sources */ = {isa = PBXBuildFile; fileRef = 3509576825EE224F00D2E37C /* SliderTableViewCell.m */; };
		3509576B25EE224F00D2E37C /* DBTTSSettingTableViewController.m in Sources */ = {isa = PBXBuildFile; fileRef = 3509576925EE224F00D2E37C /* DBTTSSettingTableViewController.m */; };
		3509576F25EE22BA00D2E37C /* TTSConfig.m in Sources */ = {isa = PBXBuildFile; fileRef = 3509576D25EE22BA00D2E37C /* TTSConfig.m */; };
		3509577625EE248B00D2E37C /* DBTTSOfflineSDK.framework in Frameworks */ = {isa = PBXBuildFile; fileRef = 3509577525EE248B00D2E37C /* DBTTSOfflineSDK.framework */; };
		3575048A24558462002E6EB9 /* AppDelegate.m in Sources */ = {isa = PBXBuildFile; fileRef = 3575048924558462002E6EB9 /* AppDelegate.m */; };
		3575049524558466002E6EB9 /* Assets.xcassets in Resources */ = {isa = PBXBuildFile; fileRef = 3575049424558466002E6EB9 /* Assets.xcassets */; };
		3575049824558466002E6EB9 /* LaunchScreen.storyboard in Resources */ = {isa = PBXBuildFile; fileRef = 3575049624558466002E6EB9 /* LaunchScreen.storyboard */; };
		3575049B24558466002E6EB9 /* main.m in Sources */ = {isa = PBXBuildFile; fileRef = 3575049A24558466002E6EB9 /* main.m */; };
		357504E82456895A002E6EB9 /* tts_back_ch_standard.dat in Resources */ = {isa = PBXBuildFile; fileRef = 357504C52456895A002E6EB9 /* tts_back_ch_standard.dat */; };
		357504E92456895A002E6EB9 /* tts_back_ch_standard_male_voice.dat in Resources */ = {isa = PBXBuildFile; fileRef = 357504C62456895A002E6EB9 /* tts_back_ch_standard_male_voice.dat */; };
		357504EA2456895A002E6EB9 /* tts_back_ch_magnetic_male_voice.dat in Resources */ = {isa = PBXBuildFile; fileRef = 357504C72456895A002E6EB9 /* tts_back_ch_magnetic_male_voice.dat */; };
		357504EB2456895A002E6EB9 /* tts_back_ch_xiaojun.dat in Resources */ = {isa = PBXBuildFile; fileRef = 357504C82456895A002E6EB9 /* tts_back_ch_xiaojun.dat */; };
		357504EC2456895A002E6EB9 /* tts_back_ch_hts_sweet.dat in Resources */ = {isa = PBXBuildFile; fileRef = 357504C92456895A002E6EB9 /* tts_back_ch_hts_sweet.dat */; };
		357504EE2456895B002E6EB9 /* tts_entry_1.0.0_release_front_chn_eng_arm_18121801.dat in Resources */ = {isa = PBXBuildFile; fileRef = 357504CB2456895A002E6EB9 /* tts_entry_1.0.0_release_front_chn_eng_arm_18121801.dat */; };
		357504F02456895B002E6EB9 /* DBNetworkHelper.m in Sources */ = {isa = PBXBuildFile; fileRef = 357504D02456895A002E6EB9 /* DBNetworkHelper.m */; };
		3575050224568B79002E6EB9 /* libc++.tbd in Frameworks */ = {isa = PBXBuildFile; fileRef = 3575050124568B79002E6EB9 /* libc++.tbd */; };
		35B915E224668C5300374D8A /* ViewController.m in Sources */ = {isa = PBXBuildFile; fileRef = 35B915DE24668C5300374D8A /* ViewController.m */; };
		35B915E324668C5300374D8A /* DBLoginVC.m in Sources */ = {isa = PBXBuildFile; fileRef = 35B915DF24668C5300374D8A /* DBLoginVC.m */; };
		35B915E524668C7400374D8A /* Main.storyboard in Resources */ = {isa = PBXBuildFile; fileRef = 35B915E424668C7300374D8A /* Main.storyboard */; };
		35B915EE24668C9200374D8A /* MBProgressHUD.m in Sources */ = {isa = PBXBuildFile; fileRef = 35B915E924668C9200374D8A /* MBProgressHUD.m */; };
		35B915EF24668C9200374D8A /* XCHudHelper.m in Sources */ = {isa = PBXBuildFile; fileRef = 35B915EA24668C9200374D8A /* XCHudHelper.m */; };
		35B915F024668C9200374D8A /* UIView+Toast.m in Sources */ = {isa = PBXBuildFile; fileRef = 35B915ED24668C9200374D8A /* UIView+Toast.m */; };
		35B915FA24668D4600374D8A /* DBOfflineTTSPlayerVC.m in Sources */ = {isa = PBXBuildFile; fileRef = 35B915F824668D4600374D8A /* DBOfflineTTSPlayerVC.m */; };
/* End PBXBuildFile section */

/* Begin PBXFileReference section */
		3509576625EE224F00D2E37C /* SliderTableViewCell.h */ = {isa = PBXFileReference; fileEncoding = 4; lastKnownFileType = sourcecode.c.h; path = SliderTableViewCell.h; sourceTree = "<group>"; };
		3509576725EE224F00D2E37C /* DBTTSSettingTableViewController.h */ = {isa = PBXFileReference; fileEncoding = 4; lastKnownFileType = sourcecode.c.h; path = DBTTSSettingTableViewController.h; sourceTree = "<group>"; };
		3509576825EE224F00D2E37C /* SliderTableViewCell.m */ = {isa = PBXFileReference; fileEncoding = 4; lastKnownFileType = sourcecode.c.objc; path = SliderTableViewCell.m; sourceTree = "<group>"; };
		3509576925EE224F00D2E37C /* DBTTSSettingTableViewController.m */ = {isa = PBXFileReference; fileEncoding = 4; lastKnownFileType = sourcecode.c.objc; path = DBTTSSettingTableViewController.m; sourceTree = "<group>"; };
		3509576D25EE22BA00D2E37C /* TTSConfig.m */ = {isa = PBXFileReference; fileEncoding = 4; lastKnownFileType = sourcecode.c.objc; path = TTSConfig.m; sourceTree = "<group>"; };
		3509576E25EE22BA00D2E37C /* TTSConfig.h */ = {isa = PBXFileReference; fileEncoding = 4; lastKnownFileType = sourcecode.c.h; path = TTSConfig.h; sourceTree = "<group>"; };
		3509577525EE248B00D2E37C /* DBTTSOfflineSDK.framework */ = {isa = PBXFileReference; lastKnownFileType = wrapper.framework; path = DBTTSOfflineSDK.framework; sourceTree = "<group>"; };
		3575048524558462002E6EB9 /* 标贝离线合成.app */ = {isa = PBXFileReference; explicitFileType = wrapper.application; includeInIndex = 0; path = "标贝离线合成.app"; sourceTree = BUILT_PRODUCTS_DIR; };
		3575048824558462002E6EB9 /* AppDelegate.h */ = {isa = PBXFileReference; lastKnownFileType = sourcecode.c.h; path = AppDelegate.h; sourceTree = "<group>"; };
		3575048924558462002E6EB9 /* AppDelegate.m */ = {isa = PBXFileReference; lastKnownFileType = sourcecode.c.objc; path = AppDelegate.m; sourceTree = "<group>"; };
		3575049424558466002E6EB9 /* Assets.xcassets */ = {isa = PBXFileReference; lastKnownFileType = folder.assetcatalog; path = Assets.xcassets; sourceTree = "<group>"; };
		3575049724558466002E6EB9 /* Base */ = {isa = PBXFileReference; lastKnownFileType = file.storyboard; name = Base; path = Base.lproj/LaunchScreen.storyboard; sourceTree = "<group>"; };
		3575049924558466002E6EB9 /* Info.plist */ = {isa = PBXFileReference; lastKnownFileType = text.plist.xml; path = Info.plist; sourceTree = "<group>"; };
		3575049A24558466002E6EB9 /* main.m */ = {isa = PBXFileReference; lastKnownFileType = sourcecode.c.objc; path = main.m; sourceTree = "<group>"; };
		357504C52456895A002E6EB9 /* tts_back_ch_standard.dat */ = {isa = PBXFileReference; lastKnownFileType = file; path = tts_back_ch_standard.dat; sourceTree = "<group>"; };
		357504C62456895A002E6EB9 /* tts_back_ch_standard_male_voice.dat */ = {isa = PBXFileReference; lastKnownFileType = file; path = tts_back_ch_standard_male_voice.dat; sourceTree = "<group>"; };
		357504C72456895A002E6EB9 /* tts_back_ch_magnetic_male_voice.dat */ = {isa = PBXFileReference; lastKnownFileType = file; path = tts_back_ch_magnetic_male_voice.dat; sourceTree = "<group>"; };
		357504C82456895A002E6EB9 /* tts_back_ch_xiaojun.dat */ = {isa = PBXFileReference; lastKnownFileType = file; path = tts_back_ch_xiaojun.dat; sourceTree = "<group>"; };
		357504C92456895A002E6EB9 /* tts_back_ch_hts_sweet.dat */ = {isa = PBXFileReference; lastKnownFileType = file; path = tts_back_ch_hts_sweet.dat; sourceTree = "<group>"; };
		357504CB2456895A002E6EB9 /* tts_entry_1.0.0_release_front_chn_eng_arm_18121801.dat */ = {isa = PBXFileReference; lastKnownFileType = file; path = tts_entry_1.0.0_release_front_chn_eng_arm_18121801.dat; sourceTree = "<group>"; };
		357504CF2456895A002E6EB9 /* DBNetworkHelper.h */ = {isa = PBXFileReference; fileEncoding = 4; lastKnownFileType = sourcecode.c.h; path = DBNetworkHelper.h; sourceTree = "<group>"; };
		357504D02456895A002E6EB9 /* DBNetworkHelper.m */ = {isa = PBXFileReference; fileEncoding = 4; lastKnownFileType = sourcecode.c.objc; path = DBNetworkHelper.m; sourceTree = "<group>"; };
		3575050124568B79002E6EB9 /* libc++.tbd */ = {isa = PBXFileReference; lastKnownFileType = "sourcecode.text-based-dylib-definition"; name = "libc++.tbd"; path = "usr/lib/libc++.tbd"; sourceTree = SDKROOT; };
		3575050924568EF3002E6EB9 /* 标贝离线合成.entitlements */ = {isa = PBXFileReference; lastKnownFileType = text.plist.entitlements; path = "标贝离线合成.entitlements"; sourceTree = "<group>"; };
		35B915DE24668C5300374D8A /* ViewController.m */ = {isa = PBXFileReference; fileEncoding = 4; lastKnownFileType = sourcecode.c.objc; path = ViewController.m; sourceTree = "<group>"; };
		35B915DF24668C5300374D8A /* DBLoginVC.m */ = {isa = PBXFileReference; fileEncoding = 4; lastKnownFileType = sourcecode.c.objc; path = DBLoginVC.m; sourceTree = "<group>"; };
		35B915E024668C5300374D8A /* DBLoginVC.h */ = {isa = PBXFileReference; fileEncoding = 4; lastKnownFileType = sourcecode.c.h; path = DBLoginVC.h; sourceTree = "<group>"; };
		35B915E124668C5300374D8A /* ViewController.h */ = {isa = PBXFileReference; fileEncoding = 4; lastKnownFileType = sourcecode.c.h; path = ViewController.h; sourceTree = "<group>"; };
		35B915E424668C7300374D8A /* Main.storyboard */ = {isa = PBXFileReference; fileEncoding = 4; lastKnownFileType = file.storyboard; path = Main.storyboard; sourceTree = "<group>"; };
		35B915E724668C9200374D8A /* UIView+Toast.h */ = {isa = PBXFileReference; fileEncoding = 4; lastKnownFileType = sourcecode.c.h; path = "UIView+Toast.h"; sourceTree = "<group>"; };
		35B915E924668C9200374D8A /* MBProgressHUD.m */ = {isa = PBXFileReference; fileEncoding = 4; lastKnownFileType = sourcecode.c.objc; path = MBProgressHUD.m; sourceTree = "<group>"; };
		35B915EA24668C9200374D8A /* XCHudHelper.m */ = {isa = PBXFileReference; fileEncoding = 4; lastKnownFileType = sourcecode.c.objc; path = XCHudHelper.m; sourceTree = "<group>"; };
		35B915EB24668C9200374D8A /* MBProgressHUD.h */ = {isa = PBXFileReference; fileEncoding = 4; lastKnownFileType = sourcecode.c.h; path = MBProgressHUD.h; sourceTree = "<group>"; };
		35B915EC24668C9200374D8A /* XCHudHelper.h */ = {isa = PBXFileReference; fileEncoding = 4; lastKnownFileType = sourcecode.c.h; path = XCHudHelper.h; sourceTree = "<group>"; };
		35B915ED24668C9200374D8A /* UIView+Toast.m */ = {isa = PBXFileReference; fileEncoding = 4; lastKnownFileType = sourcecode.c.objc; path = "UIView+Toast.m"; sourceTree = "<group>"; };
		35B915F624668D4600374D8A /* DBOfflineTTSPlayerVC.h */ = {isa = PBXFileReference; fileEncoding = 4; lastKnownFileType = sourcecode.c.h; path = DBOfflineTTSPlayerVC.h; sourceTree = "<group>"; };
		35B915F824668D4600374D8A /* DBOfflineTTSPlayerVC.m */ = {isa = PBXFileReference; fileEncoding = 4; lastKnownFileType = sourcecode.c.objc; path = DBOfflineTTSPlayerVC.m; sourceTree = "<group>"; };
/* End PBXFileReference section */

/* Begin PBXFrameworksBuildPhase section */
		3575048224558462002E6EB9 /* Frameworks */ = {
			isa = PBXFrameworksBuildPhase;
			buildActionMask = 2147483647;
			files = (
				3575050224568B79002E6EB9 /* libc++.tbd in Frameworks */,
				3509577625EE248B00D2E37C /* DBTTSOfflineSDK.framework in Frameworks */,
			);
			runOnlyForDeploymentPostprocessing = 0;
		};
/* End PBXFrameworksBuildPhase section */

/* Begin PBXGroup section */
		3575047C24558462002E6EB9 = {
			isa = PBXGroup;
			children = (
				3575048724558462002E6EB9 /* DBOfflineTTSDemo */,
				3575048624558462002E6EB9 /* Products */,
				3575050024568B79002E6EB9 /* Frameworks */,
			);
			sourceTree = "<group>";
		};
		3575048624558462002E6EB9 /* Products */ = {
			isa = PBXGroup;
			children = (
				3575048524558462002E6EB9 /* 标贝离线合成.app */,
			);
			name = Products;
			sourceTree = "<group>";
		};
		3575048724558462002E6EB9 /* DBOfflineTTSDemo */ = {
			isa = PBXGroup;
			children = (
				3575050924568EF3002E6EB9 /* 标贝离线合成.entitlements */,
				3575048824558462002E6EB9 /* AppDelegate.h */,
				3575048924558462002E6EB9 /* AppDelegate.m */,
				35B915E024668C5300374D8A /* DBLoginVC.h */,
				35B915DF24668C5300374D8A /* DBLoginVC.m */,
				35B915E124668C5300374D8A /* ViewController.h */,
				35B915DE24668C5300374D8A /* ViewController.m */,
				35B915F624668D4600374D8A /* DBOfflineTTSPlayerVC.h */,
				35B915F824668D4600374D8A /* DBOfflineTTSPlayerVC.m */,
				3509576725EE224F00D2E37C /* DBTTSSettingTableViewController.h */,
				3509576925EE224F00D2E37C /* DBTTSSettingTableViewController.m */,
				3509576625EE224F00D2E37C /* SliderTableViewCell.h */,
				3509576825EE224F00D2E37C /* SliderTableViewCell.m */,
				3509576E25EE22BA00D2E37C /* TTSConfig.h */,
				3509576D25EE22BA00D2E37C /* TTSConfig.m */,
				3509577525EE248B00D2E37C /* DBTTSOfflineSDK.framework */,
				35B915E624668C9200374D8A /* thirdLib */,
				357504C42456895A002E6EB9 /* dataResource */,
				357504CE2456895A002E6EB9 /* DBNetwork */,
				357504CB2456895A002E6EB9 /* tts_entry_1.0.0_release_front_chn_eng_arm_18121801.dat */,
				3575049424558466002E6EB9 /* Assets.xcassets */,
				35B915E424668C7300374D8A /* Main.storyboard */,
				3575049624558466002E6EB9 /* LaunchScreen.storyboard */,
				3575049924558466002E6EB9 /* Info.plist */,
				3575049A24558466002E6EB9 /* main.m */,
			);
			path = DBOfflineTTSDemo;
			sourceTree = "<group>";
		};
		357504C42456895A002E6EB9 /* dataResource */ = {
			isa = PBXGroup;
			children = (
				357504C52456895A002E6EB9 /* tts_back_ch_standard.dat */,
				357504C62456895A002E6EB9 /* tts_back_ch_standard_male_voice.dat */,
				357504C72456895A002E6EB9 /* tts_back_ch_magnetic_male_voice.dat */,
				357504C82456895A002E6EB9 /* tts_back_ch_xiaojun.dat */,
				357504C92456895A002E6EB9 /* tts_back_ch_hts_sweet.dat */,
			);
			path = dataResource;
			sourceTree = "<group>";
		};
		357504CE2456895A002E6EB9 /* DBNetwork */ = {
			isa = PBXGroup;
			children = (
				357504CF2456895A002E6EB9 /* DBNetworkHelper.h */,
				357504D02456895A002E6EB9 /* DBNetworkHelper.m */,
			);
			path = DBNetwork;
			sourceTree = "<group>";
		};
		3575050024568B79002E6EB9 /* Frameworks */ = {
			isa = PBXGroup;
			children = (
				3575050124568B79002E6EB9 /* libc++.tbd */,
			);
			name = Frameworks;
			sourceTree = "<group>";
		};
		35B915E624668C9200374D8A /* thirdLib */ = {
			isa = PBXGroup;
			children = (
				35B915E724668C9200374D8A /* UIView+Toast.h */,
				35B915E824668C9200374D8A /* XCToast */,
				35B915ED24668C9200374D8A /* UIView+Toast.m */,
			);
			path = thirdLib;
			sourceTree = "<group>";
		};
		35B915E824668C9200374D8A /* XCToast */ = {
			isa = PBXGroup;
			children = (
				35B915E924668C9200374D8A /* MBProgressHUD.m */,
				35B915EA24668C9200374D8A /* XCHudHelper.m */,
				35B915EB24668C9200374D8A /* MBProgressHUD.h */,
				35B915EC24668C9200374D8A /* XCHudHelper.h */,
			);
			path = XCToast;
			sourceTree = "<group>";
		};
/* End PBXGroup section */

/* Begin PBXNativeTarget section */
		3575048424558462002E6EB9 /* DBTTSUniteDemo */ = {
			isa = PBXNativeTarget;
			buildConfigurationList = 3575049E24558466002E6EB9 /* Build configuration list for PBXNativeTarget "DBTTSUniteDemo" */;
			buildPhases = (
				3575048124558462002E6EB9 /* Sources */,
				3575048224558462002E6EB9 /* Frameworks */,
				3575048324558462002E6EB9 /* Resources */,
			);
			buildRules = (
			);
			dependencies = (
			);
			name = DBTTSUniteDemo;
			productName = DBTTSUniteDemo;
			productReference = 3575048524558462002E6EB9 /* 标贝离线合成.app */;
			productType = "com.apple.product-type.application";
		};
/* End PBXNativeTarget section */

/* Begin PBXProject section */
		3575047D24558462002E6EB9 /* Project object */ = {
			isa = PBXProject;
			attributes = {
				LastUpgradeCheck = 1140;
				ORGANIZATIONNAME = biaobei;
				TargetAttributes = {
					3575048424558462002E6EB9 = {
						CreatedOnToolsVersion = 11.4.1;
					};
				};
			};
			buildConfigurationList = 3575048024558462002E6EB9 /* Build configuration list for PBXProject "DBOfflineTTSDemo" */;
			compatibilityVersion = "Xcode 9.3";
			developmentRegion = en;
			hasScannedForEncodings = 0;
			knownRegions = (
				en,
				Base,
			);
			mainGroup = 3575047C24558462002E6EB9;
			productRefGroup = 3575048624558462002E6EB9 /* Products */;
			projectDirPath = "";
			projectRoot = "";
			targets = (
				3575048424558462002E6EB9 /* DBTTSUniteDemo */,
			);
		};
/* End PBXProject section */

/* Begin PBXResourcesBuildPhase section */
		3575048324558462002E6EB9 /* Resources */ = {
			isa = PBXResourcesBuildPhase;
			buildActionMask = 2147483647;
			files = (
				357504E82456895A002E6EB9 /* tts_back_ch_standard.dat in Resources */,
				357504EB2456895A002E6EB9 /* tts_back_ch_xiaojun.dat in Resources */,
				357504EC2456895A002E6EB9 /* tts_back_ch_hts_sweet.dat in Resources */,
				357504E92456895A002E6EB9 /* tts_back_ch_standard_male_voice.dat in Resources */,
				3575049824558466002E6EB9 /* LaunchScreen.storyboard in Resources */,
				3575049524558466002E6EB9 /* Assets.xcassets in Resources */,
				35B915E524668C7400374D8A /* Main.storyboard in Resources */,
				357504EA2456895A002E6EB9 /* tts_back_ch_magnetic_male_voice.dat in Resources */,
				357504EE2456895B002E6EB9 /* tts_entry_1.0.0_release_front_chn_eng_arm_18121801.dat in Resources */,
			);
			runOnlyForDeploymentPostprocessing = 0;
		};
/* End PBXResourcesBuildPhase section */

/* Begin PBXSourcesBuildPhase section */
		3575048124558462002E6EB9 /* Sources */ = {
			isa = PBXSourcesBuildPhase;
			buildActionMask = 2147483647;
			files = (
				35B915E224668C5300374D8A /* ViewController.m in Sources */,
				3575048A24558462002E6EB9 /* AppDelegate.m in Sources */,
				357504F02456895B002E6EB9 /* DBNetworkHelper.m in Sources */,
				35B915EE24668C9200374D8A /* MBProgressHUD.m in Sources */,
				35B915F024668C9200374D8A /* UIView+Toast.m in Sources */,
				3509576F25EE22BA00D2E37C /* TTSConfig.m in Sources */,
				3575049B24558466002E6EB9 /* main.m in Sources */,
				35B915E324668C5300374D8A /* DBLoginVC.m in Sources */,
				3509576A25EE224F00D2E37C /* SliderTableViewCell.m in Sources */,
				35B915FA24668D4600374D8A /* DBOfflineTTSPlayerVC.m in Sources */,
				35B915EF24668C9200374D8A /* XCHudHelper.m in Sources */,
				3509576B25EE224F00D2E37C /* DBTTSSettingTableViewController.m in Sources */,
			);
			runOnlyForDeploymentPostprocessing = 0;
		};
/* End PBXSourcesBuildPhase section */

/* Begin PBXVariantGroup section */
		3575049624558466002E6EB9 /* LaunchScreen.storyboard */ = {
			isa = PBXVariantGroup;
			children = (
				3575049724558466002E6EB9 /* Base */,
			);
			name = LaunchScreen.storyboard;
			sourceTree = "<group>";
		};
/* End PBXVariantGroup section */

/* Begin XCBuildConfiguration section */
		3575049C24558466002E6EB9 /* Debug */ = {
			isa = XCBuildConfiguration;
			buildSettings = {
				ALWAYS_SEARCH_USER_PATHS = NO;
				CLANG_ANALYZER_NONNULL = YES;
				CLANG_ANALYZER_NUMBER_OBJECT_CONVERSION = YES_AGGRESSIVE;
				CLANG_CXX_LANGUAGE_STANDARD = "gnu++14";
				CLANG_CXX_LIBRARY = "libc++";
				CLANG_ENABLE_MODULES = YES;
				CLANG_ENABLE_OBJC_ARC = YES;
				CLANG_ENABLE_OBJC_WEAK = YES;
				CLANG_WARN_BLOCK_CAPTURE_AUTORELEASING = YES;
				CLANG_WARN_BOOL_CONVERSION = YES;
				CLANG_WARN_COMMA = YES;
				CLANG_WARN_CONSTANT_CONVERSION = YES;
				CLANG_WARN_DEPRECATED_OBJC_IMPLEMENTATIONS = YES;
				CLANG_WARN_DIRECT_OBJC_ISA_USAGE = YES_ERROR;
				CLANG_WARN_DOCUMENTATION_COMMENTS = YES;
				CLANG_WARN_EMPTY_BODY = YES;
				CLANG_WARN_ENUM_CONVERSION = YES;
				CLANG_WARN_INFINITE_RECURSION = YES;
				CLANG_WARN_INT_CONVERSION = YES;
				CLANG_WARN_NON_LITERAL_NULL_CONVERSION = YES;
				CLANG_WARN_OBJC_IMPLICIT_RETAIN_SELF = YES;
				CLANG_WARN_OBJC_LITERAL_CONVERSION = YES;
				CLANG_WARN_OBJC_ROOT_CLASS = YES_ERROR;
				CLANG_WARN_RANGE_LOOP_ANALYSIS = YES;
				CLANG_WARN_STRICT_PROTOTYPES = YES;
				CLANG_WARN_SUSPICIOUS_MOVE = YES;
				CLANG_WARN_UNGUARDED_AVAILABILITY = YES_AGGRESSIVE;
				CLANG_WARN_UNREACHABLE_CODE = YES;
				CLANG_WARN__DUPLICATE_METHOD_MATCH = YES;
				COPY_PHASE_STRIP = NO;
				DEBUG_INFORMATION_FORMAT = dwarf;
				ENABLE_STRICT_OBJC_MSGSEND = YES;
				ENABLE_TESTABILITY = YES;
				GCC_C_LANGUAGE_STANDARD = gnu11;
				GCC_DYNAMIC_NO_PIC = NO;
				GCC_NO_COMMON_BLOCKS = YES;
				GCC_OPTIMIZATION_LEVEL = 0;
				GCC_PREPROCESSOR_DEFINITIONS = (
					"DEBUG=1",
					"$(inherited)",
				);
				GCC_WARN_64_TO_32_BIT_CONVERSION = YES;
				GCC_WARN_ABOUT_RETURN_TYPE = YES_ERROR;
				GCC_WARN_UNDECLARED_SELECTOR = YES;
				GCC_WARN_UNINITIALIZED_AUTOS = YES_AGGRESSIVE;
				GCC_WARN_UNUSED_FUNCTION = YES;
				GCC_WARN_UNUSED_VARIABLE = YES;
				IPHONEOS_DEPLOYMENT_TARGET = 13.4;
				MTL_ENABLE_DEBUG_INFO = INCLUDE_SOURCE;
				MTL_FAST_MATH = YES;
				ONLY_ACTIVE_ARCH = YES;
				SDKROOT = iphoneos;
			};
			name = Debug;
		};
		3575049D24558466002E6EB9 /* Release */ = {
			isa = XCBuildConfiguration;
			buildSettings = {
				ALWAYS_SEARCH_USER_PATHS = NO;
				CLANG_ANALYZER_NONNULL = YES;
				CLANG_ANALYZER_NUMBER_OBJECT_CONVERSION = YES_AGGRESSIVE;
				CLANG_CXX_LANGUAGE_STANDARD = "gnu++14";
				CLANG_CXX_LIBRARY = "libc++";
				CLANG_ENABLE_MODULES = YES;
				CLANG_ENABLE_OBJC_ARC = YES;
				CLANG_ENABLE_OBJC_WEAK = YES;
				CLANG_WARN_BLOCK_CAPTURE_AUTORELEASING = YES;
				CLANG_WARN_BOOL_CONVERSION = YES;
				CLANG_WARN_COMMA = YES;
				CLANG_WARN_CONSTANT_CONVERSION = YES;
				CLANG_WARN_DEPRECATED_OBJC_IMPLEMENTATIONS = YES;
				CLANG_WARN_DIRECT_OBJC_ISA_USAGE = YES_ERROR;
				CLANG_WARN_DOCUMENTATION_COMMENTS = YES;
				CLANG_WARN_EMPTY_BODY = YES;
				CLANG_WARN_ENUM_CONVERSION = YES;
				CLANG_WARN_INFINITE_RECURSION = YES;
				CLANG_WARN_INT_CONVERSION = YES;
				CLANG_WARN_NON_LITERAL_NULL_CONVERSION = YES;
				CLANG_WARN_OBJC_IMPLICIT_RETAIN_SELF = YES;
				CLANG_WARN_OBJC_LITERAL_CONVERSION = YES;
				CLANG_WARN_OBJC_ROOT_CLASS = YES_ERROR;
				CLANG_WARN_RANGE_LOOP_ANALYSIS = YES;
				CLANG_WARN_STRICT_PROTOTYPES = YES;
				CLANG_WARN_SUSPICIOUS_MOVE = YES;
				CLANG_WARN_UNGUARDED_AVAILABILITY = YES_AGGRESSIVE;
				CLANG_WARN_UNREACHABLE_CODE = YES;
				CLANG_WARN__DUPLICATE_METHOD_MATCH = YES;
				COPY_PHASE_STRIP = NO;
				DEBUG_INFORMATION_FORMAT = "dwarf-with-dsym";
				ENABLE_NS_ASSERTIONS = NO;
				ENABLE_STRICT_OBJC_MSGSEND = YES;
				GCC_C_LANGUAGE_STANDARD = gnu11;
				GCC_NO_COMMON_BLOCKS = YES;
				GCC_WARN_64_TO_32_BIT_CONVERSION = YES;
				GCC_WARN_ABOUT_RETURN_TYPE = YES_ERROR;
				GCC_WARN_UNDECLARED_SELECTOR = YES;
				GCC_WARN_UNINITIALIZED_AUTOS = YES_AGGRESSIVE;
				GCC_WARN_UNUSED_FUNCTION = YES;
				GCC_WARN_UNUSED_VARIABLE = YES;
				IPHONEOS_DEPLOYMENT_TARGET = 13.4;
				MTL_ENABLE_DEBUG_INFO = NO;
				MTL_FAST_MATH = YES;
				SDKROOT = iphoneos;
				VALIDATE_PRODUCT = YES;
			};
			name = Release;
		};
		3575049F24558466002E6EB9 /* Debug */ = {
			isa = XCBuildConfiguration;
			buildSettings = {
				ASSETCATALOG_COMPILER_APPICON_NAME = AppIcon;
				CODE_SIGN_ENTITLEMENTS = "DBOfflineTTSDemo/标贝离线合成.entitlements";
				CODE_SIGN_STYLE = Automatic;
				DEVELOPMENT_TEAM = 6K53WJAQ2L;
				FRAMEWORK_SEARCH_PATHS = (
					"$(inherited)",
					"$(PROJECT_DIR)/DBOfflineTTSDemo",
				);
				INFOPLIST_FILE = DBOfflineTTSDemo/Info.plist;
				IPHONEOS_DEPLOYMENT_TARGET = 9.0;
				LD_RUNPATH_SEARCH_PATHS = (
					"$(inherited)",
					"@executable_path/Frameworks",
				);
				PRODUCT_BUNDLE_IDENTIFIER = biaobei.DBOfflineTTSDemo;
				PRODUCT_NAME = "标贝离线合成";
				SUPPORTS_MACCATALYST = NO;
				TARGETED_DEVICE_FAMILY = 1;
			};
			name = Debug;
		};
		357504A024558466002E6EB9 /* Release */ = {
			isa = XCBuildConfiguration;
			buildSettings = {
				ASSETCATALOG_COMPILER_APPICON_NAME = AppIcon;
				CODE_SIGN_ENTITLEMENTS = "DBOfflineTTSDemo/标贝离线合成.entitlements";
				CODE_SIGN_STYLE = Automatic;
				DEVELOPMENT_TEAM = 6K53WJAQ2L;
				FRAMEWORK_SEARCH_PATHS = (
					"$(inherited)",
					"$(PROJECT_DIR)/DBOfflineTTSDemo",
				);
				INFOPLIST_FILE = DBOfflineTTSDemo/Info.plist;
				IPHONEOS_DEPLOYMENT_TARGET = 9.0;
				LD_RUNPATH_SEARCH_PATHS = (
					"$(inherited)",
					"@executable_path/Frameworks",
				);
				PRODUCT_BUNDLE_IDENTIFIER = biaobei.DBOfflineTTSDemo;
				PRODUCT_NAME = "标贝离线合成";
				SUPPORTS_MACCATALYST = NO;
				TARGETED_DEVICE_FAMILY = 1;
			};
			name = Release;
		};
/* End XCBuildConfiguration section */

/* Begin XCConfigurationList section */
		3575048024558462002E6EB9 /* Build configuration list for PBXProject "DBOfflineTTSDemo" */ = {
			isa = XCConfigurationList;
			buildConfigurations = (
				3575049C24558466002E6EB9 /* Debug */,
				3575049D24558466002E6EB9 /* Release */,
			);
			defaultConfigurationIsVisible = 0;
			defaultConfigurationName = Release;
		};
		3575049E24558466002E6EB9 /* Build configuration list for PBXNativeTarget "DBTTSUniteDemo" */ = {
			isa = XCConfigurationList;
			buildConfigurations = (
				3575049F24558466002E6EB9 /* Debug */,
				357504A024558466002E6EB9 /* Release */,
			);
			defaultConfigurationIsVisible = 0;
			defaultConfigurationName = Release;
		};
/* End XCConfigurationList section */
	};
	rootObject = 3575047D24558462002E6EB9 /* Project object */;
}
